{
  "originHash" : "891fa54194daa6c1150eb4bfc5dcb2c5fabd4722ae2bb933cfb6951f94dd1542",
  "pins" : [
    {
      "identity" : "benefitpay-ios",
      "kind" : "remoteSourceControl",
      "location" : "https://github.com/Tap-Payments/BenefitPay-iOS.git",
      "state" : {
        "revision" : "83fd49dd5d03375930fb8e4cf7f00a28c693cdd5",
        "version" : "1.0.0"
      }
    },
    {
      "identity" : "robin",
      "kind" : "remoteSourceControl",
      "location" : "https://github.com/ahmdx/Robin",
      "state" : {
        "revision" : "3805e9862b981f7127eaa30cabb6ea1186e586be",
        "version" : "0.98.0"
      }
    },
    {
      "identity" : "shareddatamodels-ios",
      "kind" : "remoteSourceControl",
      "location" : "https://github.com/Tap-Payments/SharedDataModels-iOS.git",
      "state" : {
        "revision" : "1dff74525847544e3e155503acd77f35a2022d7c",
        "version" : "0.0.13"
      }
    },
    {
      "identity" : "snapkit",
      "kind" : "remoteSourceControl",
      "location" : "https://github.com/SnapKit/SnapKit.git",
      "state" : {
        "revision" : "2842e6e84e82eb9a8dac0100ca90d9444b0307f4",
        "version" : "5.7.1"
      }
    },
    {
      "identity" : "swiftyrsa",
      "kind" : "remoteSourceControl",
      "location" : "https://github.com/TakeScoop/SwiftyRSA.git",
      "state" : {
        "revision" : "6521919ad0e99dff927685f142d8136479acb452",
        "version" : "1.8.0"
      }
    },
    {
      "identity" : "tapfontkit-ios",
      "kind" : "remoteSourceControl",
      "location" : "https://github.com/Tap-Payments/TapFontKit-iOS.git",
      "state" : {
        "revision" : "eb93da82e1eb70bcac864df8da3c4d916f743860",
        "version" : "0.0.11"
      }
    }
  ],
  "version" : 3
}
